
Microsoft Visual Studio Solution File, Format Version 12.00
# Visual Studio 15
VisualStudioVersion = 15.0.27130.2010
MinimumVisualStudioVersion = 10.0.40219.1
Project("{FAE04EC0-301F-11D3-BF4B-00C04F79EFBC}") = "ColorItAll.Android", "ColorItAll\ColorItAll.Android\ColorItAll.Android.csproj", "{1D6B2420-B12B-4AB3-89A0-B1F25A8B1264}"
EndProject
Project("{FAE04EC0-301F-11D3-BF4B-00C04F79EFBC}") = "ColorItAll.iOS", "ColorItAll\ColorItAll.iOS\ColorItAll.iOS.csproj", "{019348DC-4B78-44C8-A4D3-6876C8ADEEE5}"
EndProject
Project("{FAE04EC0-301F-11D3-BF4B-00C04F79EFBC}") = "ColorItAll", "ColorItAll\ColorItAll\ColorItAll.csproj", "{F7348150-E927-419B-9DD0-2DDE87CE7F30}"
EndProject
Global
	GlobalSection(SolutionConfigurationPlatforms) = preSolution
		Ad-Hoc|Any CPU = Ad-Hoc|Any CPU
		Ad-Hoc|iPhone = Ad-Hoc|iPhone
		Ad-Hoc|iPhoneSimulator = Ad-Hoc|iPhoneSimulator
		AppStore|Any CPU = AppStore|Any CPU
		AppStore|iPhone = AppStore|iPhone
		AppStore|iPhoneSimulator = AppStore|iPhoneSimulator
		Debug|Any CPU = Debug|Any CPU
		Debug|iPhone = Debug|iPhone
		Debug|iPhoneSimulator = Debug|iPhoneSimulator
		Release|Any CPU = Release|Any CPU
		Release|iPhone = Release|iPhone
		Release|iPhoneSimulator = Release|iPhoneSimulator
	EndGlobalSection
	GlobalSection(ProjectConfigurationPlatforms) = postSolution
		{1D6B2420-B12B-4AB3-89A0-B1F25A8B1264}.Ad-Hoc|Any CPU.ActiveCfg = Release|Any CPU
		{1D6B2420-B12B-4AB3-89A0-B1F25A8B1264}.Ad-Hoc|Any CPU.Build.0 = Release|Any CPU
		{1D6B2420-B12B-4AB3-89A0-B1F25A8B1264}.Ad-Hoc|Any CPU.Deploy.0 = Release|Any CPU
		{1D6B2420-B12B-4AB3-89A0-B1F25A8B1264}.Ad-Hoc|iPhone.ActiveCfg = Release|Any CPU
		{1D6B2420-B12B-4AB3-89A0-B1F25A8B1264}.Ad-Hoc|iPhone.Build.0 = Release|Any CPU
		{1D6B2420-B12B-4AB3-89A0-B1F25A8B1264}.Ad-Hoc|iPhone.Deploy.0 = Release|Any CPU
		{1D6B2420-B12B-4AB3-89A0-B1F25A8B1264}.Ad-Hoc|iPhoneSimulator.ActiveCfg = Release|Any CPU
		{1D6B2420-B12B-4AB3-89A0-B1F25A8B1264}.Ad-Hoc|iPhoneSimulator.Build.0 = Release|Any CPU
		{1D6B2420-B12B-4AB3-89A0-B1F25A8B1264}.Ad-Hoc|iPhoneSimulator.Deploy.0 = Release|Any CPU
		{1D6B2420-B12B-4AB3-89A0-B1F25A8B1264}.AppStore|Any CPU.ActiveCfg = Release|Any CPU
		{1D6B2420-B12B-4AB3-89A0-B1F25A8B1264}.AppStore|Any CPU.Build.0 = Release|Any CPU
		{1D6B2420-B12B-4AB3-89A0-B1F25A8B1264}.AppStore|Any CPU.Deploy.0 = Release|Any CPU
		{1D6B2420-B12B-4AB3-89A0-B1F25A8B1264}.AppStore|iPhone.ActiveCfg = Release|Any CPU
		{1D6B2420-B12B-4AB3-89A0-B1F25A8B1264}.AppStore|iPhone.Build.0 = Release|Any CPU
		{1D6B2420-B12B-4AB3-89A0-B1F25A8B1264}.AppStore|iPhone.Deploy.0 = Release|Any CPU
		{1D6B2420-B12B-4AB3-89A0-B1F25A8B1264}.AppStore|iPhoneSimulator.ActiveCfg = Release|Any CPU
		{1D6B2420-B12B-4AB3-89A0-B1F25A8B1264}.AppStore|iPhoneSimulator.Build.0 = Release|Any CPU
		{1D6B2420-B12B-4AB3-89A0-B1F25A8B1264}.AppStore|iPhoneSimulator.Deploy.0 = Release|Any CPU
		{1D6B2420-B12B-4AB3-89A0-B1F25A8B1264}.Debug|Any CPU.ActiveCfg = Debug|Any CPU
		{1D6B2420-B12B-4AB3-89A0-B1F25A8B1264}.Debug|Any CPU.Build.0 = Debug|Any CPU
		{1D6B2420-B12B-4AB3-89A0-B1F25A8B1264}.Debug|Any CPU.Deploy.0 = Debug|Any CPU
		{1D6B2420-B12B-4AB3-89A0-B1F25A8B1264}.Debug|iPhone.ActiveCfg = Debug|Any CPU
		{1D6B2420-B12B-4AB3-89A0-B1F25A8B1264}.Debug|iPhone.Build.0 = Debug|Any CPU
		{1D6B2420-B12B-4AB3-89A0-B1F25A8B1264}.Debug|iPhone.Deploy.0 = Debug|Any CPU
		{1D6B2420-B12B-4AB3-89A0-B1F25A8B1264}.Debug|iPhoneSimulator.ActiveCfg = Debug|Any CPU
		{1D6B2420-B12B-4AB3-89A0-B1F25A8B1264}.Debug|iPhoneSimulator.Build.0 = Debug|Any CPU
		{1D6B2420-B12B-4AB3-89A0-B1F25A8B1264}.Debug|iPhoneSimulator.Deploy.0 = Debug|Any CPU
		{1D6B2420-B12B-4AB3-89A0-B1F25A8B1264}.Release|Any CPU.ActiveCfg = Release|Any CPU
		{1D6B2420-B12B-4AB3-89A0-B1F25A8B1264}.Release|Any CPU.Build.0 = Release|Any CPU
		{1D6B2420-B12B-4AB3-89A0-B1F25A8B1264}.Release|Any CPU.Deploy.0 = Release|Any CPU
		{1D6B2420-B12B-4AB3-89A0-B1F25A8B1264}.Release|iPhone.ActiveCfg = Release|Any CPU
		{1D6B2420-B12B-4AB3-89A0-B1F25A8B1264}.Release|iPhone.Build.0 = Release|Any CPU
		{1D6B2420-B12B-4AB3-89A0-B1F25A8B1264}.Release|iPhone.Deploy.0 = Release|Any CPU
		{1D6B2420-B12B-4AB3-89A0-B1F25A8B1264}.Release|iPhoneSimulator.ActiveCfg = Release|Any CPU
		{1D6B2420-B12B-4AB3-89A0-B1F25A8B1264}.Release|iPhoneSimulator.Build.0 = Release|Any CPU
		{1D6B2420-B12B-4AB3-89A0-B1F25A8B1264}.Release|iPhoneSimulator.Deploy.0 = Release|Any CPU
		{019348DC-4B78-44C8-A4D3-6876C8ADEEE5}.Ad-Hoc|Any CPU.ActiveCfg = Ad-Hoc|iPhone
		{019348DC-4B78-44C8-A4D3-6876C8ADEEE5}.Ad-Hoc|iPhone.ActiveCfg = Ad-Hoc|iPhone
		{019348DC-4B78-44C8-A4D3-6876C8ADEEE5}.Ad-Hoc|iPhone.Build.0 = Ad-Hoc|iPhone
		{019348DC-4B78-44C8-A4D3-6876C8ADEEE5}.Ad-Hoc|iPhoneSimulator.ActiveCfg = Ad-Hoc|iPhoneSimulator
		{019348DC-4B78-44C8-A4D3-6876C8ADEEE5}.Ad-Hoc|iPhoneSimulator.Build.0 = Ad-Hoc|iPhoneSimulator
		{019348DC-4B78-44C8-A4D3-6876C8ADEEE5}.AppStore|Any CPU.ActiveCfg = AppStore|iPhone
		{019348DC-4B78-44C8-A4D3-6876C8ADEEE5}.AppStore|iPhone.ActiveCfg = AppStore|iPhone
		{019348DC-4B78-44C8-A4D3-6876C8ADEEE5}.AppStore|iPhone.Build.0 = AppStore|iPhone
		{019348DC-4B78-44C8-A4D3-6876C8ADEEE5}.AppStore|iPhoneSimulator.ActiveCfg = AppStore|iPhoneSimulator
		{019348DC-4B78-44C8-A4D3-6876C8ADEEE5}.AppStore|iPhoneSimulator.Build.0 = AppStore|iPhoneSimulator
		{019348DC-4B78-44C8-A4D3-6876C8ADEEE5}.Debug|Any CPU.ActiveCfg = Debug|iPhone
		{019348DC-4B78-44C8-A4D3-6876C8ADEEE5}.Debug|iPhone.ActiveCfg = Debug|iPhone
		{019348DC-4B78-44C8-A4D3-6876C8ADEEE5}.Debug|iPhone.Build.0 = Debug|iPhone
		{019348DC-4B78-44C8-A4D3-6876C8ADEEE5}.Debug|iPhoneSimulator.ActiveCfg = Debug|iPhoneSimulator
		{019348DC-4B78-44C8-A4D3-6876C8ADEEE5}.Debug|iPhoneSimulator.Build.0 = Debug|iPhoneSimulator
		{019348DC-4B78-44C8-A4D3-6876C8ADEEE5}.Release|Any CPU.ActiveCfg = Release|iPhone
		{019348DC-4B78-44C8-A4D3-6876C8ADEEE5}.Release|iPhone.ActiveCfg = Release|iPhone
		{019348DC-4B78-44C8-A4D3-6876C8ADEEE5}.Release|iPhone.Build.0 = Release|iPhone
		{019348DC-4B78-44C8-A4D3-6876C8ADEEE5}.Release|iPhoneSimulator.ActiveCfg = Release|iPhoneSimulator
		{019348DC-4B78-44C8-A4D3-6876C8ADEEE5}.Release|iPhoneSimulator.Build.0 = Release|iPhoneSimulator
		{F7348150-E927-419B-9DD0-2DDE87CE7F30}.Ad-Hoc|Any CPU.ActiveCfg = Debug|Any CPU
		{F7348150-E927-419B-9DD0-2DDE87CE7F30}.Ad-Hoc|Any CPU.Build.0 = Debug|Any CPU
		{F7348150-E927-419B-9DD0-2DDE87CE7F30}.Ad-Hoc|iPhone.ActiveCfg = Debug|Any CPU
		{F7348150-E927-419B-9DD0-2DDE87CE7F30}.Ad-Hoc|iPhone.Build.0 = Debug|Any CPU
		{F7348150-E927-419B-9DD0-2DDE87CE7F30}.Ad-Hoc|iPhoneSimulator.ActiveCfg = Debug|Any CPU
		{F7348150-E927-419B-9DD0-2DDE87CE7F30}.Ad-Hoc|iPhoneSimulator.Build.0 = Debug|Any CPU
		{F7348150-E927-419B-9DD0-2DDE87CE7F30}.AppStore|Any CPU.ActiveCfg = Debug|Any CPU
		{F7348150-E927-419B-9DD0-2DDE87CE7F30}.AppStore|Any CPU.Build.0 = Debug|Any CPU
		{F7348150-E927-419B-9DD0-2DDE87CE7F30}.AppStore|iPhone.ActiveCfg = Debug|Any CPU
		{F7348150-E927-419B-9DD0-2DDE87CE7F30}.AppStore|iPhone.Build.0 = Debug|Any CPU
		{F7348150-E927-419B-9DD0-2DDE87CE7F30}.AppStore|iPhoneSimulator.ActiveCfg = Debug|Any CPU
		{F7348150-E927-419B-9DD0-2DDE87CE7F30}.AppStore|iPhoneSimulator.Build.0 = Debug|Any CPU
		{F7348150-E927-419B-9DD0-2DDE87CE7F30}.Debug|Any CPU.ActiveCfg = Debug|Any CPU
		{F7348150-E927-419B-9DD0-2DDE87CE7F30}.Debug|Any CPU.Build.0 = Debug|Any CPU
		{F7348150-E927-419B-9DD0-2DDE87CE7F30}.Debug|iPhone.ActiveCfg = Debug|Any CPU
		{F7348150-E927-419B-9DD0-2DDE87CE7F30}.Debug|iPhone.Build.0 = Debug|Any CPU
		{F7348150-E927-419B-9DD0-2DDE87CE7F30}.Debug|iPhoneSimulator.ActiveCfg = Debug|Any CPU
		{F7348150-E927-419B-9DD0-2DDE87CE7F30}.Debug|iPhoneSimulator.Build.0 = Debug|Any CPU
		{F7348150-E927-419B-9DD0-2DDE87CE7F30}.Release|Any CPU.ActiveCfg = Release|Any CPU
		{F7348150-E927-419B-9DD0-2DDE87CE7F30}.Release|Any CPU.Build.0 = Release|Any CPU
		{F7348150-E927-419B-9DD0-2DDE87CE7F30}.Release|iPhone.ActiveCfg = Release|Any CPU
		{F7348150-E927-419B-9DD0-2DDE87CE7F30}.Release|iPhone.Build.0 = Release|Any CPU
		{F7348150-E927-419B-9DD0-2DDE87CE7F30}.Release|iPhoneSimulator.ActiveCfg = Release|Any CPU
		{F7348150-E927-419B-9DD0-2DDE87CE7F30}.Release|iPhoneSimulator.Build.0 = Release|Any CPU
	EndGlobalSection
	GlobalSection(SolutionProperties) = preSolution
		HideSolutionNode = FALSE
	EndGlobalSection
	GlobalSection(ExtensibilityGlobals) = postSolution
		SolutionGuid = {851DEEFE-AA98-4570-8005-20EEEB237DC2}
	EndGlobalSection
EndGlobal
